
Microsoft Visual Studio Solution File, Format Version 12.00
# Visual Studio Version 17
VisualStudioVersion = 17.5.33530.505
MinimumVisualStudioVersion = 10.0.40219.1
Project("{FAE04EC0-301F-11D3-BF4B-00C04F79EFBC}") = "Wkg.EntityFrameworkCore.Oracle", "Wkg.EntityFrameworkCore.Oracle\Wkg.EntityFrameworkCore.Oracle.csproj", "{CED32283-5DF8-459B-A76B-DD293B0461A5}"
EndProject
Project("{2150E333-8FDC-42A3-9474-1A3956D46DE8}") = "Solution Items", "Solution Items", "{FCEBAC42-F3AF-48D5-8850-1922B201C0FE}"
	ProjectSection(SolutionItems) = preProject
		.editorconfig = .editorconfig
	EndProjectSection
EndProject
Global
	GlobalSection(SolutionConfigurationPlatforms) = preSolution
		Debug|Any CPU = Debug|Any CPU
		Release|Any CPU = Release|Any CPU
	EndGlobalSection
	GlobalSection(ProjectConfigurationPlatforms) = postSolution
		{CED32283-5DF8-459B-A76B-DD293B0461A5}.Debug|Any CPU.ActiveCfg = Debug|Any CPU
		{CED32283-5DF8-459B-A76B-DD293B0461A5}.Debug|Any CPU.Build.0 = Debug|Any CPU
		{CED32283-5DF8-459B-A76B-DD293B0461A5}.Release|Any CPU.ActiveCfg = Release|Any CPU
		{CED32283-5DF8-459B-A76B-DD293B0461A5}.Release|Any CPU.Build.0 = Release|Any CPU
	EndGlobalSection
	GlobalSection(SolutionProperties) = preSolution
		HideSolutionNode = FALSE
	EndGlobalSection
	GlobalSection(ExtensibilityGlobals) = postSolution
		SolutionGuid = {28F86E13-A95C-4723-80EF-EB4FEF1AF955}
	EndGlobalSection
EndGlobal
